
Microsoft Visual Studio Solution File, Format Version 12.00
# Visual Studio Version 16
VisualStudioVersion = 16.0.31702.278
MinimumVisualStudioVersion = 10.0.40219.1
Project("{8BC9CEB8-8B4A-11D0-8D11-00A0C91BC942}") = "ThesisProject", "ThesisProject\ThesisProject.vcxproj", "{82CE5805-21B2-42C3-92E0-2EEB373DB977}"
EndProject
Global
	GlobalSection(SolutionConfigurationPlatforms) = preSolution
		Debug|x64 = Debug|x64
		Release|x64 = Release|x64
	EndGlobalSection
	GlobalSection(ProjectConfigurationPlatforms) = postSolution
		{82CE5805-21B2-42C3-92E0-2EEB373DB977}.Debug|x64.ActiveCfg = Debug|x64
		{82CE5805-21B2-42C3-92E0-2EEB373DB977}.Debug|x64.Build.0 = Debug|x64
		{82CE5805-21B2-42C3-92E0-2EEB373DB977}.Release|x64.ActiveCfg = Release|x64
		{82CE5805-21B2-42C3-92E0-2EEB373DB977}.Release|x64.Build.0 = Release|x64
	EndGlobalSection
	GlobalSection(SolutionProperties) = preSolution
		HideSolutionNode = FALSE
	EndGlobalSection
	GlobalSection(ExtensibilityGlobals) = postSolution
		SolutionGuid = {669DF852-206B-4A7A-84D6-EE0E8CDC00E9}
	EndGlobalSection
EndGlobal
